
Microsoft Visual Studio Solution File, Format Version 12.00
# Visual Studio Version 16
VisualStudioVersion = 16.0.29613.14
MinimumVisualStudioVersion = 15.0.26124.0
Project("{2150E333-8FDC-42A3-9474-1A3956D46DE8}") = "core", "core", "{242E3669-6496-45E2-B6AB-CB83E2145842}"
EndProject
Project("{2150E333-8FDC-42A3-9474-1A3956D46DE8}") = "tests", "tests", "{8813570B-4EC9-456A-B34E-302155996227}"
EndProject
Project("{2150E333-8FDC-42A3-9474-1A3956D46DE8}") = "unit", "unit", "{F0D4EA31-8701-4186-B441-393B3E6CF293}"
EndProject
Project("{2150E333-8FDC-42A3-9474-1A3956D46DE8}") = "integration", "integration", "{4C4FAA02-FC07-410E-8CF6-A6FE60F5F604}"
EndProject
Project("{9A19103F-16F7-4668-BE54-9A1E7A4F7556}") = "AlphaDev.Paging", "core\AlphaDev.Paging\AlphaDev.Paging.csproj", "{B86CD663-0FDB-453B-BAC7-A9F5711E1003}"
EndProject
Project("{9A19103F-16F7-4668-BE54-9A1E7A4F7556}") = "AlphaDev.Paging.Tests.Unit", "tests\unit\AlphaDev.Paging.Tests.Unit\AlphaDev.Paging.Tests.Unit.csproj", "{5DB3DC8F-8164-492A-ADA8-33CA6291C020}"
EndProject
Global
	GlobalSection(SolutionConfigurationPlatforms) = preSolution
		Debug|Any CPU = Debug|Any CPU
		Debug|x64 = Debug|x64
		Debug|x86 = Debug|x86
		Release|Any CPU = Release|Any CPU
		Release|x64 = Release|x64
		Release|x86 = Release|x86
	EndGlobalSection
	GlobalSection(ProjectConfigurationPlatforms) = postSolution
		{B86CD663-0FDB-453B-BAC7-A9F5711E1003}.Debug|Any CPU.ActiveCfg = Debug|Any CPU
		{B86CD663-0FDB-453B-BAC7-A9F5711E1003}.Debug|Any CPU.Build.0 = Debug|Any CPU
		{B86CD663-0FDB-453B-BAC7-A9F5711E1003}.Debug|x64.ActiveCfg = Debug|Any CPU
		{B86CD663-0FDB-453B-BAC7-A9F5711E1003}.Debug|x64.Build.0 = Debug|Any CPU
		{B86CD663-0FDB-453B-BAC7-A9F5711E1003}.Debug|x86.ActiveCfg = Debug|Any CPU
		{B86CD663-0FDB-453B-BAC7-A9F5711E1003}.Debug|x86.Build.0 = Debug|Any CPU
		{B86CD663-0FDB-453B-BAC7-A9F5711E1003}.Release|Any CPU.ActiveCfg = Release|Any CPU
		{B86CD663-0FDB-453B-BAC7-A9F5711E1003}.Release|Any CPU.Build.0 = Release|Any CPU
		{B86CD663-0FDB-453B-BAC7-A9F5711E1003}.Release|x64.ActiveCfg = Release|Any CPU
		{B86CD663-0FDB-453B-BAC7-A9F5711E1003}.Release|x64.Build.0 = Release|Any CPU
		{B86CD663-0FDB-453B-BAC7-A9F5711E1003}.Release|x86.ActiveCfg = Release|Any CPU
		{B86CD663-0FDB-453B-BAC7-A9F5711E1003}.Release|x86.Build.0 = Release|Any CPU
		{5DB3DC8F-8164-492A-ADA8-33CA6291C020}.Debug|Any CPU.ActiveCfg = Debug|Any CPU
		{5DB3DC8F-8164-492A-ADA8-33CA6291C020}.Debug|Any CPU.Build.0 = Debug|Any CPU
		{5DB3DC8F-8164-492A-ADA8-33CA6291C020}.Debug|x64.ActiveCfg = Debug|Any CPU
		{5DB3DC8F-8164-492A-ADA8-33CA6291C020}.Debug|x64.Build.0 = Debug|Any CPU
		{5DB3DC8F-8164-492A-ADA8-33CA6291C020}.Debug|x86.ActiveCfg = Debug|Any CPU
		{5DB3DC8F-8164-492A-ADA8-33CA6291C020}.Debug|x86.Build.0 = Debug|Any CPU
		{5DB3DC8F-8164-492A-ADA8-33CA6291C020}.Release|Any CPU.ActiveCfg = Release|Any CPU
		{5DB3DC8F-8164-492A-ADA8-33CA6291C020}.Release|Any CPU.Build.0 = Release|Any CPU
		{5DB3DC8F-8164-492A-ADA8-33CA6291C020}.Release|x64.ActiveCfg = Release|Any CPU
		{5DB3DC8F-8164-492A-ADA8-33CA6291C020}.Release|x64.Build.0 = Release|Any CPU
		{5DB3DC8F-8164-492A-ADA8-33CA6291C020}.Release|x86.ActiveCfg = Release|Any CPU
		{5DB3DC8F-8164-492A-ADA8-33CA6291C020}.Release|x86.Build.0 = Release|Any CPU
	EndGlobalSection
	GlobalSection(SolutionProperties) = preSolution
		HideSolutionNode = FALSE
	EndGlobalSection
	GlobalSection(NestedProjects) = preSolution
		{F0D4EA31-8701-4186-B441-393B3E6CF293} = {8813570B-4EC9-456A-B34E-302155996227}
		{4C4FAA02-FC07-410E-8CF6-A6FE60F5F604} = {8813570B-4EC9-456A-B34E-302155996227}
		{B86CD663-0FDB-453B-BAC7-A9F5711E1003} = {242E3669-6496-45E2-B6AB-CB83E2145842}
		{5DB3DC8F-8164-492A-ADA8-33CA6291C020} = {F0D4EA31-8701-4186-B441-393B3E6CF293}
	EndGlobalSection
	GlobalSection(ExtensibilityGlobals) = postSolution
		SolutionGuid = {CB5B2AA4-FD09-44EC-9E4F-256DBF86E709}
	EndGlobalSection
EndGlobal
